
Microsoft Visual Studio Solution File, Format Version 12.00
# Visual Studio Version 17
VisualStudioVersion = 17.6.33723.286
MinimumVisualStudioVersion = 10.0.40219.1
Project("{FAE04EC0-301F-11D3-BF4B-00C04F79EFBC}") = "challengeApp1", "challengeApp1.csproj", "{D93E3F9F-1957-4400-BACA-5ACB438A84EE}"
EndProject
Global
	GlobalSection(SolutionConfigurationPlatforms) = preSolution
		Debug|Any CPU = Debug|Any CPU
		Release|Any CPU = Release|Any CPU
	EndGlobalSection
	GlobalSection(ProjectConfigurationPlatforms) = postSolution
		{D93E3F9F-1957-4400-BACA-5ACB438A84EE}.Debug|Any CPU.ActiveCfg = Debug|Any CPU
		{D93E3F9F-1957-4400-BACA-5ACB438A84EE}.Debug|Any CPU.Build.0 = Debug|Any CPU
		{D93E3F9F-1957-4400-BACA-5ACB438A84EE}.Release|Any CPU.ActiveCfg = Release|Any CPU
		{D93E3F9F-1957-4400-BACA-5ACB438A84EE}.Release|Any CPU.Build.0 = Release|Any CPU
	EndGlobalSection
	GlobalSection(SolutionProperties) = preSolution
		HideSolutionNode = FALSE
	EndGlobalSection
	GlobalSection(ExtensibilityGlobals) = postSolution
		SolutionGuid = {F44D46BC-BDF9-4223-94BF-42249368FC03}
	EndGlobalSection
EndGlobal
